#MicroXplorer Configuration settings - do not modify
Mcu.Family=STM32H7
NVIC.USART3_IRQn=true\:0\:0\:false\:false\:true\:true\:true
RCC.DIVQ2Freq_Value=2000000
ProjectManager.MainLocation=Core/Src
IWDG1.Prescaler=IWDG_PRESCALER_16
VP_TIM5_VS_ClockSourceINT.Mode=Internal
PA15\ (JTDI).GPIOParameters=GPIO_Speed,PinState,GPIO_PuPd,GPIO_Label,GPIO_ModeDefaultOutputPP
PC7.GPIOParameters=GPIO_Speed,PinState,GPIO_PuPd,GPIO_Label,GPIO_ModeDefaultOutputPP
RCC.SAI1Freq_Value=8000000
RCC.CortexFreq_Value=480000000
PD3.PinState=GPIO_PIN_RESET
Mdma.MDMA_Channel0.QUADSPI_FIFO_TH.0.RequestParameters=Instance,CircularMode,TransferTriggerMode,Priority,Endianness,SourceInc,DestinationInc,SourceDataSize,DestDataSize,DataAlignment,BufferTransferLength,SourceBurst,DestBurst,SourceBlockAddressOffset,DestBlockAddressOffset,MaskAddress,MaskData,SrcAddress,DstAddress,BlockDataLength,BlockCount,Rank
ProjectManager.KeepUserCode=true
Mcu.UserName=STM32H750VBTx
QUADSPI.ClockPrescaler=4
SPI2.VirtualType=VM_MASTER
PB10.Mode=Full_Duplex_Master
RCC.HPRE=RCC_HCLK_DIV2
VP_TIM5_VS_ClockSourceINT.Signal=TIM5_VS_ClockSourceINT
Mdma.MDMA_Channel0.QUADSPI_FIFO_TH.0.SourceInc=MDMA_SRC_INC_BYTE
Mdma.MDMA_Channel0.QUADSPI_FIFO_TH.0.Rank=First
Mdma.MDMA_Channel0.QUADSPI_FIFO_TH.0.Endianness=MDMA_LITTLE_ENDIANNESS_PRESERVE
RCC.PLL2_VCI_Range-AdvancedSettings=RCC_PLL2VCIRANGE_0
PC7.Locked=true
RCC.PLLFRACN=0
PD3.GPIOParameters=GPIO_Speed,PinState,GPIO_PuPd,GPIO_Label,GPIO_ModeDefaultOutputPP
ProjectManager.functionlistsort=1-MX_GPIO_Init-GPIO-false-HAL-true,2-MX_MDMA_Init-MDMA-false-HAL-true,3-SystemClock_Config-RCC-false-HAL-false,4-MX_TIM2_Init-TIM2-false-LL-true,5-MX_QUADSPI_Init-QUADSPI-false-HAL-true,6-MX_TIM3_Init-TIM3-false-LL-true,7-MX_TIM5_Init-TIM5-false-LL-true,8-MX_USART3_UART_Init-USART3-false-LL-true,9-MX_TIM4_Init-TIM4-false-HAL-true,10-MX_SPI2_Init-SPI2-false-HAL-true,11-MX_IWDG1_Init-IWDG1-false-HAL-true,0-MX_CORTEX_M7_Init-CORTEX_M7-false-HAL-true
PD8.Locked=true
PC6.GPIO_Label=LINE_A
Mdma.MDMA_Channel0.QUADSPI_FIFO_TH.0.DstAddress=0
RCC.RTCFreq_Value=32000
PC9.Locked=true
Mdma.MDMA_Channel0.QUADSPI_FIFO_TH.0.Instance=MDMA_Channel0
RCC.PLL1_VCO_SEL-AdvancedSettings=RCC_PLL1VCOMEDIUM
RCC.PLL2FRACN=0
PA15\ (JTDI).Signal=GPIO_Output
PD4.Locked=true
VP_IWDG1_VS_IWDG.Signal=IWDG1_VS_IWDG
RCC.CpuClockFreq_Value=480000000
RCC.VCO2OutputFreq_Value=240000000
PD3.GPIO_Speed=GPIO_SPEED_FREQ_LOW
PD9.Mode=Asynchronous
PinOutPanel.RotationAngle=0
RCC.MCO1PinFreq_Value=64000000
RCC.SYSCLKSource=RCC_SYSCLKSOURCE_PLLCLK
ProjectManager.StackSize=0x400
RCC.AHB4Freq_Value=240000000
PC8.PinState=GPIO_PIN_RESET
IWDG1.Reload=160
RCC.VCOInput3Freq_Value=4000000
RCC.SPI123CLockSelection=RCC_SPI123CLKSOURCE_PLL2
USART3.VirtualMode-Asynchronous=VM_ASYNC
RCC.LPTIM1Freq_Value=2000000
Mcu.IP4=NVIC
Mcu.IP5=QUADSPI
Mcu.IP2=IWDG1
NVIC.SVCall_IRQn=true\:0\:0\:true\:false\:true\:false\:false
Mcu.IP3=MDMA
Mdma.MDMA_Channel0.QUADSPI_FIFO_TH.0.BufferTransferLength=4
Mcu.IP0=CORTEX_M7
PA14\ (JTCK/SWCLK).Signal=DEBUG_JTCK-SWCLK
CORTEX_M7.Enable-Cortex_Memory_Protection_Unit_Region0_Settings=MPU_REGION_ENABLE
Mcu.IP1=DEBUG
USART3.BaudRate=9600
Mcu.UserConstants=
RCC.DIVP3Freq_Value=240000000
RCC.SDMMCFreq_Value=8000000
NVIC.TIM5_IRQn=true\:3\:0\:true\:false\:true\:true\:true
Mcu.ThirdPartyNb=1
RCC.HCLKFreq_Value=240000000
RCC.I2C4Freq_Value=120000000
Mcu.IPNb=14
TIM2.IPParameters=Prescaler,Period
ProjectManager.PreviousToolchain=STM32CubeIDE
PD4.Signal=GPIO_Input
TIM3.Period=9
RCC.SPDIFRXFreq_Value=8000000
PC7.Signal=GPIO_Output
RCC.DIVQ3Freq_Value=240000000
Mcu.Pin6=PE10
Mcu.Pin7=PB10
PD8.Signal=USART3_TX
VP_TIM2_VS_ClockSourceINT.Signal=TIM2_VS_ClockSourceINT
Mcu.Pin8=PD8
Mcu.Pin9=PD9
QUADSPI.FlashSize=25
PC2_C.Signal=SPI2_MISO
Mcu.Pin0=PC1
Mcu.Pin1=PC2_C
PD4.GPIO_Mode=GPIO_MODE_INPUT
GPIO.groupedBy=Group By Peripherals
Mcu.Pin2=PB2
RCC.HRTIMFreq_Value=240000000
Mcu.Pin3=PE7
Mcu.Pin4=PE8
Mcu.Pin5=PE9
Mdma.MDMA_Channel0.Request0=QUADSPI_FIFO_TH
ProjectManager.ProjectBuild=false
RCC.DIVR3Freq_Value=240000000
RCC.HSE_VALUE=8000000
NVIC.UsageFault_IRQn=true\:0\:0\:true\:false\:true\:false\:false
NVIC.DebugMonitor_IRQn=true\:0\:0\:true\:false\:true\:false\:false
PB2.Signal=QUADSPI_CLK
RCC.DIVM3=1
Mcu.IP10=TIM3
RCC.DIVM2=1
NVIC.SysTick_IRQn=true\:0\:0\:true\:false\:true\:false\:true
RCC.DIVM1=1
Mcu.IP12=TIM5
Mcu.IP11=TIM4
Mdma.MDMA_Channel0.QUADSPI_FIFO_TH.0.DestinationInc=MDMA_DEST_INC_DISABLE
ProjectManager.FirmwarePackage=STM32Cube FW_H7 V1.9.0
VP_IWDG1_VS_IWDG.Mode=IWDG_Activate
MxDb.Version=DB.6.0.20
Mcu.ThirdParty0=STMicroelectronics.X-CUBE-TOUCHGFX.4.16.0
Mdma.MDMA_Channel0.QUADSPI_FIFO_TH.0.DataAlignment=MDMA_DATAALIGN_PACKENABLE
RCC.DIVP1Freq_Value=480000000
Mcu.IP13=USART3
RCC.PLL1_VCI_Range-AdvancedSettings=RCC_PLL1VCIRANGE_0
ProjectManager.BackupPrevious=false
RCC.FMCFreq_Value=240000000
PE9.Signal=QUADSPI_BK2_IO2
TIM3.Prescaler=239
STMicroelectronics.X-CUBE-TOUCHGFX.4.16.0.IPParameters=ApplicationCcGraphicsJjApplication
NVIC.TIM2_IRQn=true\:4\:0\:true\:false\:true\:true\:true
RCC.USART16Freq_Value=120000000
File.Version=6
SPI2.CalculateBaudRate=1000.0 KBits/s
PC7.PinState=GPIO_PIN_RESET
Mdma.MDMA_Channel0.QUADSPI_FIFO_TH.0.BlockCount=0
PA14\ (JTCK/SWCLK).Mode=Serial_Wire
NVIC.PendSV_IRQn=true\:0\:0\:true\:false\:true\:false\:false
TIM4.Period=100
Mdma.MDMA_Channel0.RequestsNb=1
RCC.DIVR2Freq_Value=48000000
PE10.Signal=QUADSPI_BK2_IO3
ProjectManager.HalAssertFull=false
RCC.DIVP2Freq_Value=2000000
Mdma.RequestSet0=MDMA_Channel0
ProjectManager.ProjectName=WYSWTLACZ_HUB75a
RCC.APB3Freq_Value=120000000
RCC.MCO2PinFreq_Value=480000000
PC8.GPIOParameters=GPIO_Speed,PinState,GPIO_PuPd,GPIO_Label,GPIO_ModeDefaultOutputPP
Mcu.Package=LQFP100
TIM2.Prescaler=239
SPI2.Mode=SPI_MODE_MASTER
RCC.PLL3FRACN=0
RCC.D1PPRE=RCC_APB3_DIV2
PA15\ (JTDI).GPIO_ModeDefaultOutputPP=GPIO_MODE_OUTPUT_PP
PD12.Signal=S_TIM4_CH1
ProjectManager.ToolChainLocation=
PD14.Locked=true
Mdma.MDMA_Channel0.QUADSPI_FIFO_TH.0.BlockDataLength=0
VP_SYS_VS_Systick.Signal=SYS_VS_Systick
USART3.IPParameters=BaudRate,VirtualMode-Asynchronous
PC8.GPIO_ModeDefaultOutputPP=GPIO_MODE_OUTPUT_PP
PE9.Mode=Single Bank 2
PC6.GPIO_PuPd=GPIO_PULLUP
RCC.DFSDMFreq_Value=120000000
RCC.DIVR1Freq_Value=480000000
PC8.GPIO_Speed=GPIO_SPEED_FREQ_HIGH
PC11.Mode=Single Bank 2
RCC.TraceFreq_Value=480000000
SH.S_TIM4_CH1.0=TIM4_CH1,PWM Generation1 CH1
RCC.APB4Freq_Value=120000000
RCC.CECFreq_Value=32000
RCC.SAI23Freq_Value=8000000
NVIC.BusFault_IRQn=true\:0\:0\:true\:false\:true\:false\:false
RCC.LPUART1Freq_Value=120000000
SPI2.Direction=SPI_DIRECTION_2LINES
PD3.GPIO_Label=U_LED4
PD3.GPIO_PuPd=GPIO_NOPULL
PE7.Signal=QUADSPI_BK2_IO0
PC6.GPIO_Speed=GPIO_SPEED_FREQ_HIGH
ProjectManager.CustomerFirmwarePackage=
VP_TIM3_VS_ClockSourceINT.Mode=Internal
RCC.Tim2OutputFreq_Value=240000000
PC6.GPIO_ModeDefaultOutputPP=GPIO_MODE_OUTPUT_PP
RCC.DFSDMACLkFreq_Value=8000000
RCC.VCO3OutputFreq_Value=480000000
RCC.PLLSourceVirtual=RCC_PLLSOURCE_CSI
TIM4.Channel-PWM\ Generation1\ CH1=TIM_CHANNEL_1
PC7.GPIO_ModeDefaultOutputPP=GPIO_MODE_OUTPUT_PP
SH.S_TIM4_CH1.ConfNb=1
NVIC.QUADSPI_IRQn=true\:2\:0\:true\:false\:true\:true\:true
Mdma.MDMA_Channel0.QUADSPI_FIFO_TH.0.MaskData=0
ProjectManager.ProjectFileName=WYSWTLACZ_HUB75a.ioc
CORTEX_M7.CPU_ICache=Enabled
RCC.DIVQ2=120
RCC.DIVQ1=120
TIM5.IPParameters=Prescaler,Period
PA13\ (JTMS/SWDIO).Mode=Serial_Wire
Mcu.PinsNb=28
Mdma.MDMA_Channel0.QUADSPI_FIFO_TH.0.SrcAddress=0
PC9.GPIO_Label=LINE_D
ProjectManager.NoMain=false
Mdma.MDMA_Channel0.QUADSPI_FIFO_TH.0.CircularMode=MDMA_LINEAR_LIST
PC11.Signal=QUADSPI_BK2_NCS
RCC.SWPMI1Freq_Value=120000000
PD3.Signal=GPIO_Output
RCC.SAI4BFreq_Value=8000000
PC8.Signal=GPIO_Output
PE10.Mode=Single Bank 2
PC6.Signal=GPIO_Output
PC9.PinState=GPIO_PIN_SET
RCC.D2PPRE2=RCC_APB2_DIV2
RCC.D2PPRE1=RCC_APB1_DIV2
ProjectManager.DefaultFWLocation=true
RCC.DIVP2=120
PD9.Signal=USART3_RX
ProjectManager.DeletePrevious=true
RCC.QSPIFreq_Value=48000000
QUADSPI.IPParameters=ClockPrescaler,FlashSize,FifoThreshold
RCC.FamilyName=M
Mdma.MDMA_Channel0.QUADSPI_FIFO_TH.0.DestDataSize=MDMA_DEST_DATASIZE_BYTE
PD12.Locked=true
RCC.SPI6Freq_Value=120000000
PE8.Mode=Single Bank 2
PC8.GPIO_Label=LINE_C
RCC.D1CPREFreq_Value=480000000
IWDG1.IPParameters=Reload,Prescaler
CORTEX_M7.MPU_Control=__NULL
RCC.USART234578Freq_Value=120000000
PD4.GPIO_PuPd=GPIO_NOPULL
RCC.SPI45Freq_Value=2000000
RCC.Tim1OutputFreq_Value=240000000
RCC.SPI123Freq_Value=2000000
NVIC.MDMA_IRQn=true\:2\:0\:true\:false\:true\:true\:true
VP_TIM4_VS_ClockSourceINT.Signal=TIM4_VS_ClockSourceINT
ProjectManager.TargetToolchain=STM32CubeIDE
TIM4.IPParameters=Channel-PWM Generation1 CH1,Prescaler,Period
RCC.VCO1OutputFreq_Value=960000000
STMicroelectronics.X-CUBE-TOUCHGFX.4.16.0_SwParameter=ApplicationCcGraphicsJjApplication\:TouchGFXOoGenerator;
PC6.Locked=true
RCC.DIVN3=120
RCC.AXIClockFreq_Value=240000000
RCC.DIVN2=60
RCC.DIVN1=240
RCC.LPTIM1CLockSelection=RCC_LPTIM1CLKSOURCE_PLL2
PC2_C.Mode=Full_Duplex_Master
SPI2.IPParameters=VirtualType,Mode,Direction,CalculateBaudRate
STMicroelectronics.X-CUBE-TOUCHGFX.4.16.0.ApplicationCcGraphicsJjApplication=TouchGFXOoGenerator
ProjectManager.RegisterCallBack=
RCC.USBFreq_Value=48000000
PC7.GPIO_PuPd=GPIO_PULLUP
VP_TIM3_VS_ClockSourceINT.Signal=TIM3_VS_ClockSourceINT
TIM4.Prescaler=1
PD8.Mode=Asynchronous
PD3.Locked=true
RCC.CKPERFreq_Value=64000000
PB10.Signal=SPI2_SCK
PC6.PinState=GPIO_PIN_RESET
RCC.USBCLockSelection=RCC_USBCLKSOURCE_HSI48
Mdma.MDMA_Channel0.QUADSPI_FIFO_TH.0.DestBlockAddressOffset=0
Mdma.MDMA_Channel0.QUADSPI_FIFO_TH.0.DestBurst=MDMA_DEST_BURST_SINGLE
Mdma.MDMA_Channel0.QUADSPI_FIFO_TH.0.SourceDataSize=MDMA_SRC_DATASIZE_BYTE
board=custom
PC7.GPIO_Speed=GPIO_SPEED_FREQ_HIGH
PA15\ (JTDI).GPIO_Speed=GPIO_SPEED_FREQ_LOW
ProjectManager.LastFirmware=true
NVIC.TIM3_IRQn=true\:4\:0\:true\:false\:true\:true\:true
RCC.VCOInput1Freq_Value=4000000
RCC.AHB12Freq_Value=240000000
RCC.APB2Freq_Value=120000000
MxCube.Version=6.2.0
VP_TIM2_VS_ClockSourceINT.Mode=Internal
PE8.Signal=QUADSPI_BK2_IO1
RCC.FDCANFreq_Value=8000000
RCC.RNGFreq_Value=48000000
PC9.GPIO_ModeDefaultOutputPP=GPIO_MODE_OUTPUT_PP
RCC.ADCFreq_Value=2000000
PD4.GPIOParameters=GPIO_PuPd,GPIO_Mode
VP_SYS_VS_Systick.Mode=SysTick
Mdma.MDMA_Channel0.QUADSPI_FIFO_TH.0.SourceBurst=MDMA_SOURCE_BURST_SINGLE
PC9.GPIO_PuPd=GPIO_PULLDOWN
TIM3.IPParameters=Prescaler,Period
PA15\ (JTDI).GPIO_PuPd=GPIO_NOPULL
NVIC.NonMaskableInt_IRQn=true\:0\:0\:false\:false\:true\:false\:false
QUADSPI.FifoThreshold=4
PD14.GPIO_Label=LATCH
TIM2.Period=99
Mdma.MDMA_Channel0.QUADSPI_FIFO_TH.0.MaskAddress=0
ProjectManager.FreePins=false
PA15\ (JTDI).GPIO_Label=USB_RENUMn
RCC.IPParameters=ADCFreq_Value,AHB12Freq_Value,AHB4Freq_Value,APB1Freq_Value,APB2Freq_Value,APB3Freq_Value,APB4Freq_Value,AXIClockFreq_Value,CECFreq_Value,CKPERFreq_Value,CortexFreq_Value,CpuClockFreq_Value,D1CPREFreq_Value,D1PPRE,D2PPRE1,D2PPRE2,D3PPRE,DFSDMACLkFreq_Value,DFSDMFreq_Value,DIVM1,DIVM2,DIVM3,DIVN1,DIVN2,DIVN3,DIVP1Freq_Value,DIVP2,DIVP2Freq_Value,DIVP3Freq_Value,DIVQ1,DIVQ1Freq_Value,DIVQ2,DIVQ2Freq_Value,DIVQ3Freq_Value,DIVR1Freq_Value,DIVR2,DIVR2Freq_Value,DIVR3Freq_Value,FDCANFreq_Value,FMCFreq_Value,FamilyName,HCLK3ClockFreq_Value,HCLKFreq_Value,HPRE,HRTIMFreq_Value,HSE_VALUE,I2C123Freq_Value,I2C4Freq_Value,LPTIM1CLockSelection,LPTIM1Freq_Value,LPTIM2Freq_Value,LPTIM345Freq_Value,LPUART1Freq_Value,LTDCFreq_Value,MCO1PinFreq_Value,MCO2PinFreq_Value,PLL1_VCI_Range-AdvancedSettings,PLL1_VCO_SEL-AdvancedSettings,PLL2FRACN,PLL2_VCI_Range-AdvancedSettings,PLL3FRACN,PLLFRACN,PLLSourceVirtual,QSPICLockSelection,QSPIFreq_Value,RNGFreq_Value,RTCFreq_Value,SAI1Freq_Value,SAI23Freq_Value,SAI4AFreq_Value,SAI4BFreq_Value,SDMMCFreq_Value,SPDIFRXFreq_Value,SPI123CLockSelection,SPI123Freq_Value,SPI45Freq_Value,SPI6Freq_Value,SWPMI1Freq_Value,SYSCLKFreq_VALUE,SYSCLKSource,Spi45ClockSelection,Tim1OutputFreq_Value,Tim2OutputFreq_Value,TraceFreq_Value,USART16Freq_Value,USART234578Freq_Value,USBCLockSelection,USBFreq_Value,VCO1OutputFreq_Value,VCO2OutputFreq_Value,VCO3OutputFreq_Value,VCOInput1Freq_Value,VCOInput2Freq_Value,VCOInput3Freq_Value
PC9.GPIOParameters=GPIO_Speed,PinState,GPIO_PuPd,GPIO_Label,GPIO_ModeDefaultOutputPP
ProjectManager.AskForMigrate=true
Mcu.Name=STM32H750VBTx
RCC.LPTIM2Freq_Value=120000000
Mcu.Pin26=VP_TIM4_VS_ClockSourceINT
Mcu.Pin27=VP_TIM5_VS_ClockSourceINT
Mcu.Pin24=VP_TIM2_VS_ClockSourceINT
ProjectManager.UnderRoot=true
Mcu.Pin25=VP_TIM3_VS_ClockSourceINT
CORTEX_M7.IPParameters=CPU_ICache,CPU_DCache,MPU_Control,Enable-Cortex_Memory_Protection_Unit_Region0_Settings
Mcu.IP8=SYS
Mcu.IP9=TIM2
PD14.Signal=GPIO_Output
PC7.GPIO_Label=LINE_B
Mcu.IP6=RCC
Mcu.IP7=SPI2
ProjectManager.CoupleFile=true
PC8.GPIO_PuPd=GPIO_PULLUP
PD14.GPIOParameters=GPIO_Label
RCC.SYSCLKFreq_VALUE=480000000
PE7.Mode=Single Bank 2
Mcu.Pin22=VP_IWDG1_VS_IWDG
RCC.I2C123Freq_Value=120000000
Mcu.Pin23=VP_SYS_VS_Systick
Mcu.Pin20=PD3
RCC.Spi45ClockSelection=RCC_SPI45CLKSOURCE_PLL2
Mcu.Pin21=PD4
NVIC.ForceEnableDMAVector=true
KeepUserPlacement=false
TIM5.Prescaler=239
NVIC.MemoryManagement_IRQn=true\:0\:0\:true\:false\:true\:false\:false
PB2.Mode=Single Bank 2
Mdma.MDMA_Channel0.QUADSPI_FIFO_TH.0.Priority=MDMA_PRIORITY_LOW
ProjectManager.CompilerOptimize=6
RCC.QSPICLockSelection=RCC_QSPICLKSOURCE_PLL2
Mdma.MDMA_Channel0.QUADSPI_FIFO_TH.0.SourceBlockAddressOffset=0
ProjectManager.HeapSize=0x200
Mcu.Pin15=PC9
NVIC.HardFault_IRQn=true\:0\:0\:false\:false\:true\:false\:false
Mcu.Pin16=PA13 (JTMS/SWDIO)
Mcu.Pin13=PC7
Mcu.Pin14=PC8
PC6.GPIOParameters=GPIO_Speed,PinState,GPIO_PuPd,GPIO_Label,GPIO_ModeDefaultOutputPP
Mcu.Pin19=PC11
Mdma.MDMA_Channel0.QUADSPI_FIFO_TH.0.TransferTriggerMode=MDMA_BUFFER_TRANSFER
RCC.LPTIM345Freq_Value=120000000
ProjectManager.ComputerToolchain=false
Mcu.Pin17=PA14 (JTCK/SWCLK)
PD3.GPIO_ModeDefaultOutputPP=GPIO_MODE_OUTPUT_PP
Mcu.Pin18=PA15 (JTDI)
VP_TIM4_VS_ClockSourceINT.Mode=Internal
RCC.LTDCFreq_Value=240000000
Mdma.RequestSetsNb=1
RCC.SAI4AFreq_Value=8000000
PC9.GPIO_Speed=GPIO_SPEED_FREQ_LOW
NVIC.PriorityGroup=NVIC_PRIORITYGROUP_4
Mcu.Pin11=PD14
Mcu.Pin12=PC6
Mcu.Pin10=PD12
RCC.DIVQ1Freq_Value=8000000
PC8.Locked=true
RCC.D3PPRE=RCC_APB4_DIV2
TIM5.Period=200
PA15\ (JTDI).PinState=GPIO_PIN_RESET
PC9.Signal=GPIO_Output
CORTEX_M7.CPU_DCache=Disabled
RCC.HCLK3ClockFreq_Value=240000000
PA15\ (JTDI).Locked=true
RCC.VCOInput2Freq_Value=4000000
PD9.Locked=true
RCC.APB1Freq_Value=120000000
RCC.DIVR2=5
ProjectManager.DeviceId=STM32H750VBTx
PC1.Signal=SPI2_MOSI
ProjectManager.LibraryCopy=1
PA13\ (JTMS/SWDIO).Signal=DEBUG_JTMS-SWDIO
PC1.Mode=Full_Duplex_Master
isbadioc=false
